// !$*UTF8*$!
{
	archiveVersion = 1;
	classes = {
	};
	objectVersion = 46;
	objects = {

/* Begin PBXBuildFile section */
		85D8BFA21AC1133400CC5AAC /* Foundation.framework in Frameworks */ = {isa = PBXBuildFile; fileRef = 85D8BFA11AC1133400CC5AAC /* Foundation.framework */; };
		85D8BFA41AC1133400CC5AAC /* CoreGraphics.framework in Frameworks */ = {isa = PBXBuildFile; fileRef = 85D8BFA31AC1133400CC5AAC /* CoreGraphics.framework */; };
		85D8BFA61AC1133400CC5AAC /* UIKit.framework in Frameworks */ = {isa = PBXBuildFile; fileRef = 85D8BFA51AC1133400CC5AAC /* UIKit.framework */; };
		85D8BFAC1AC1133400CC5AAC /* InfoPlist.strings in Resources */ = {isa = PBXBuildFile; fileRef = 85D8BFAA1AC1133400CC5AAC /* InfoPlist.strings */; };
		85D8BFAE1AC1133400CC5AAC /* main.m in Sources */ = {isa = PBXBuildFile; fileRef = 85D8BFAD1AC1133400CC5AAC /* main.m */; };
		85D8BFB21AC1133400CC5AAC /* AppDelegate.m in Sources */ = {isa = PBXBuildFile; fileRef = 85D8BFB11AC1133400CC5AAC /* AppDelegate.m */; };
		85D8BFB51AC1133400CC5AAC /* Main.storyboard in Resources */ = {isa = PBXBuildFile; fileRef = 85D8BFB31AC1133400CC5AAC /* Main.storyboard */; };
		85D8BFB81AC1133400CC5AAC /* ViewController.m in Sources */ = {isa = PBXBuildFile; fileRef = 85D8BFB71AC1133400CC5AAC /* ViewController.m */; };
		85D8BFBA1AC1133400CC5AAC /* Images.xcassets in Resources */ = {isa = PBXBuildFile; fileRef = 85D8BFB91AC1133400CC5AAC /* Images.xcassets */; };
		85D8BFC11AC1133500CC5AAC /* XCTest.framework in Frameworks */ = {isa = PBXBuildFile; fileRef = 85D8BFC01AC1133500CC5AAC /* XCTest.framework */; };
		85D8BFC21AC1133500CC5AAC /* Foundation.framework in Frameworks */ = {isa = PBXBuildFile; fileRef = 85D8BFA11AC1133400CC5AAC /* Foundation.framework */; };
		85D8BFC31AC1133500CC5AAC /* UIKit.framework in Frameworks */ = {isa = PBXBuildFile; fileRef = 85D8BFA51AC1133400CC5AAC /* UIKit.framework */; };
		85D8BFCB1AC1133500CC5AAC /* InfoPlist.strings in Resources */ = {isa = PBXBuildFile; fileRef = 85D8BFC91AC1133500CC5AAC /* InfoPlist.strings */; };
		85D8BFCD1AC1133500CC5AAC /* Day9_3TCPSocketServerTests.m in Sources */ = {isa = PBXBuildFile; fileRef = 85D8BFCC1AC1133500CC5AAC /* Day9_3TCPSocketServerTests.m */; };
		85D8BFDB1AC1133F00CC5AAC /* AsyncSocket.m in Sources */ = {isa = PBXBuildFile; fileRef = 85D8BFD81AC1133F00CC5AAC /* AsyncSocket.m */; settings = {COMPILER_FLAGS = "-fno-objc-arc"; }; };
		85D8BFDC1AC1133F00CC5AAC /* AsyncUdpSocket.m in Sources */ = {isa = PBXBuildFile; fileRef = 85D8BFDA1AC1133F00CC5AAC /* AsyncUdpSocket.m */; settings = {COMPILER_FLAGS = "-fno-objc-arc"; }; };
/* End PBXBuildFile section */

/* Begin PBXContainerItemProxy section */
		85D8BFC41AC1133500CC5AAC /* PBXContainerItemProxy */ = {
			isa = PBXContainerItemProxy;
			containerPortal = 85D8BF961AC1133400CC5AAC /* Project object */;
			proxyType = 1;
			remoteGlobalIDString = 85D8BF9D1AC1133400CC5AAC;
			remoteInfo = Day9_3TCPSocketServer;
		};
/* End PBXContainerItemProxy section */

/* Begin PBXFileReference section */
		85D8BF9E1AC1133400CC5AAC /* Day9_3TCPSocketServer.app */ = {isa = PBXFileReference; explicitFileType = wrapper.application; includeInIndex = 0; path = Day9_3TCPSocketServer.app; sourceTree = BUILT_PRODUCTS_DIR; };
		85D8BFA11AC1133400CC5AAC /* Foundation.framework */ = {isa = PBXFileReference; lastKnownFileType = wrapper.framework; name = Foundation.framework; path = System/Library/Frameworks/Foundation.framework; sourceTree = SDKROOT; };
		85D8BFA31AC1133400CC5AAC /* CoreGraphics.framework */ = {isa = PBXFileReference; lastKnownFileType = wrapper.framework; name = CoreGraphics.framework; path = System/Library/Frameworks/CoreGraphics.framework; sourceTree = SDKROOT; };
		85D8BFA51AC1133400CC5AAC /* UIKit.framework */ = {isa = PBXFileReference; lastKnownFileType = wrapper.framework; name = UIKit.framework; path = System/Library/Frameworks/UIKit.framework; sourceTree = SDKROOT; };
		85D8BFA91AC1133400CC5AAC /* Day9_3TCPSocketServer-Info.plist */ = {isa = PBXFileReference; lastKnownFileType = text.plist.xml; path = "Day9_3TCPSocketServer-Info.plist"; sourceTree = "<group>"; };
		85D8BFAB1AC1133400CC5AAC /* en */ = {isa = PBXFileReference; lastKnownFileType = text.plist.strings; name = en; path = en.lproj/InfoPlist.strings; sourceTree = "<group>"; };
		85D8BFAD1AC1133400CC5AAC /* main.m */ = {isa = PBXFileReference; lastKnownFileType = sourcecode.c.objc; path = main.m; sourceTree = "<group>"; };
		85D8BFAF1AC1133400CC5AAC /* Day9_3TCPSocketServer-Prefix.pch */ = {isa = PBXFileReference; lastKnownFileType = sourcecode.c.h; path = "Day9_3TCPSocketServer-Prefix.pch"; sourceTree = "<group>"; };
		85D8BFB01AC1133400CC5AAC /* AppDelegate.h */ = {isa = PBXFileReference; lastKnownFileType = sourcecode.c.h; path = AppDelegate.h; sourceTree = "<group>"; };
		85D8BFB11AC1133400CC5AAC /* AppDelegate.m */ = {isa = PBXFileReference; lastKnownFileType = sourcecode.c.objc; path = AppDelegate.m; sourceTree = "<group>"; };
		85D8BFB41AC1133400CC5AAC /* Base */ = {isa = PBXFileReference; lastKnownFileType = file.storyboard; name = Base; path = Base.lproj/Main.storyboard; sourceTree = "<group>"; };
		85D8BFB61AC1133400CC5AAC /* ViewController.h */ = {isa = PBXFileReference; lastKnownFileType = sourcecode.c.h; path = ViewController.h; sourceTree = "<group>"; };
		85D8BFB71AC1133400CC5AAC /* ViewController.m */ = {isa = PBXFileReference; lastKnownFileType = sourcecode.c.objc; path = ViewController.m; sourceTree = "<group>"; };
		85D8BFB91AC1133400CC5AAC /* Images.xcassets */ = {isa = PBXFileReference; lastKnownFileType = folder.assetcatalog; path = Images.xcassets; sourceTree = "<group>"; };
		85D8BFBF1AC1133500CC5AAC /* Day9_3TCPSocketServerTests.xctest */ = {isa = PBXFileReference; explicitFileType = wrapper.cfbundle; includeInIndex = 0; path = Day9_3TCPSocketServerTests.xctest; sourceTree = BUILT_PRODUCTS_DIR; };
		85D8BFC01AC1133500CC5AAC /* XCTest.framework */ = {isa = PBXFileReference; lastKnownFileType = wrapper.framework; name = XCTest.framework; path = Library/Frameworks/XCTest.framework; sourceTree = DEVELOPER_DIR; };
		85D8BFC81AC1133500CC5AAC /* Day9_3TCPSocketServerTests-Info.plist */ = {isa = PBXFileReference; lastKnownFileType = text.plist.xml; path = "Day9_3TCPSocketServerTests-Info.plist"; sourceTree = "<group>"; };
		85D8BFCA1AC1133500CC5AAC /* en */ = {isa = PBXFileReference; lastKnownFileType = text.plist.strings; name = en; path = en.lproj/InfoPlist.strings; sourceTree = "<group>"; };
		85D8BFCC1AC1133500CC5AAC /* Day9_3TCPSocketServerTests.m */ = {isa = PBXFileReference; lastKnownFileType = sourcecode.c.objc; path = Day9_3TCPSocketServerTests.m; sourceTree = "<group>"; };
		85D8BFD71AC1133F00CC5AAC /* AsyncSocket.h */ = {isa = PBXFileReference; fileEncoding = 4; lastKnownFileType = sourcecode.c.h; path = AsyncSocket.h; sourceTree = "<group>"; };
		85D8BFD81AC1133F00CC5AAC /* AsyncSocket.m */ = {isa = PBXFileReference; fileEncoding = 4; lastKnownFileType = sourcecode.c.objc; path = AsyncSocket.m; sourceTree = "<group>"; };
		85D8BFD91AC1133F00CC5AAC /* AsyncUdpSocket.h */ = {isa = PBXFileReference; fileEncoding = 4; lastKnownFileType = sourcecode.c.h; path = AsyncUdpSocket.h; sourceTree = "<group>"; };
		85D8BFDA1AC1133F00CC5AAC /* AsyncUdpSocket.m */ = {isa = PBXFileReference; fileEncoding = 4; lastKnownFileType = sourcecode.c.objc; path = AsyncUdpSocket.m; sourceTree = "<group>"; };
/* End PBXFileReference section */

/* Begin PBXFrameworksBuildPhase section */
		85D8BF9B1AC1133400CC5AAC /* Frameworks */ = {
			isa = PBXFrameworksBuildPhase;
			buildActionMask = 2147483647;
			files = (
				85D8BFA41AC1133400CC5AAC /* CoreGraphics.framework in Frameworks */,
				85D8BFA61AC1133400CC5AAC /* UIKit.framework in Frameworks */,
				85D8BFA21AC1133400CC5AAC /* Foundation.framework in Frameworks */,
			);
			runOnlyForDeploymentPostprocessing = 0;
		};
		85D8BFBC1AC1133500CC5AAC /* Frameworks */ = {
			isa = PBXFrameworksBuildPhase;
			buildActionMask = 2147483647;
			files = (
				85D8BFC11AC1133500CC5AAC /* XCTest.framework in Frameworks */,
				85D8BFC31AC1133500CC5AAC /* UIKit.framework in Frameworks */,
				85D8BFC21AC1133500CC5AAC /* Foundation.framework in Frameworks */,
			);
			runOnlyForDeploymentPostprocessing = 0;
		};
/* End PBXFrameworksBuildPhase section */

/* Begin PBXGroup section */
		85D8BF951AC1133400CC5AAC = {
			isa = PBXGroup;
			children = (
				85D8BFA71AC1133400CC5AAC /* Day9_3TCPSocketServer */,
				85D8BFC61AC1133500CC5AAC /* Day9_3TCPSocketServerTests */,
				85D8BFA01AC1133400CC5AAC /* Frameworks */,
				85D8BF9F1AC1133400CC5AAC /* Products */,
			);
			sourceTree = "<group>";
		};
		85D8BF9F1AC1133400CC5AAC /* Products */ = {
			isa = PBXGroup;
			children = (
				85D8BF9E1AC1133400CC5AAC /* Day9_3TCPSocketServer.app */,
				85D8BFBF1AC1133500CC5AAC /* Day9_3TCPSocketServerTests.xctest */,
			);
			name = Products;
			sourceTree = "<group>";
		};
		85D8BFA01AC1133400CC5AAC /* Frameworks */ = {
			isa = PBXGroup;
			children = (
				85D8BFA11AC1133400CC5AAC /* Foundation.framework */,
				85D8BFA31AC1133400CC5AAC /* CoreGraphics.framework */,
				85D8BFA51AC1133400CC5AAC /* UIKit.framework */,
				85D8BFC01AC1133500CC5AAC /* XCTest.framework */,
			);
			name = Frameworks;
			sourceTree = "<group>";
		};
		85D8BFA71AC1133400CC5AAC /* Day9_3TCPSocketServer */ = {
			isa = PBXGroup;
			children = (
				85D8BFD61AC1133F00CC5AAC /* AsyncSocket */,
				85D8BFB01AC1133400CC5AAC /* AppDelegate.h */,
				85D8BFB11AC1133400CC5AAC /* AppDelegate.m */,
				85D8BFB31AC1133400CC5AAC /* Main.storyboard */,
				85D8BFB61AC1133400CC5AAC /* ViewController.h */,
				85D8BFB71AC1133400CC5AAC /* ViewController.m */,
				85D8BFB91AC1133400CC5AAC /* Images.xcassets */,
				85D8BFA81AC1133400CC5AAC /* Supporting Files */,
			);
			path = Day9_3TCPSocketServer;
			sourceTree = "<group>";
		};
		85D8BFA81AC1133400CC5AAC /* Supporting Files */ = {
			isa = PBXGroup;
			children = (
				85D8BFA91AC1133400CC5AAC /* Day9_3TCPSocketServer-Info.plist */,
				85D8BFAA1AC1133400CC5AAC /* InfoPlist.strings */,
				85D8BFAD1AC1133400CC5AAC /* main.m */,
				85D8BFAF1AC1133400CC5AAC /* Day9_3TCPSocketServer-Prefix.pch */,
			);
			name = "Supporting Files";
			sourceTree = "<group>";
		};
		85D8BFC61AC1133500CC5AAC /* Day9_3TCPSocketServerTests */ = {
			isa = PBXGroup;
			children = (
				85D8BFCC1AC1133500CC5AAC /* Day9_3TCPSocketServerTests.m */,
				85D8BFC71AC1133500CC5AAC /* Supporting Files */,
			);
			path = Day9_3TCPSocketServerTests;
			sourceTree = "<group>";
		};
		85D8BFC71AC1133500CC5AAC /* Supporting Files */ = {
			isa = PBXGroup;
			children = (
				85D8BFC81AC1133500CC5AAC /* Day9_3TCPSocketServerTests-Info.plist */,
				85D8BFC91AC1133500CC5AAC /* InfoPlist.strings */,
			);
			name = "Supporting Files";
			sourceTree = "<group>";
		};
		85D8BFD61AC1133F00CC5AAC /* AsyncSocket */ = {
			isa = PBXGroup;
			children = (
				85D8BFD71AC1133F00CC5AAC /* AsyncSocket.h */,
				85D8BFD81AC1133F00CC5AAC /* AsyncSocket.m */,
				85D8BFD91AC1133F00CC5AAC /* AsyncUdpSocket.h */,
				85D8BFDA1AC1133F00CC5AAC /* AsyncUdpSocket.m */,
			);
			path = AsyncSocket;
			sourceTree = "<group>";
		};
/* End PBXGroup section */

/* Begin PBXNativeTarget section */
		85D8BF9D1AC1133400CC5AAC /* Day9_3TCPSocketServer */ = {
			isa = PBXNativeTarget;
			buildConfigurationList = 85D8BFD01AC1133500CC5AAC /* Build configuration list for PBXNativeTarget "Day9_3TCPSocketServer" */;
			buildPhases = (
				85D8BF9A1AC1133400CC5AAC /* Sources */,
				85D8BF9B1AC1133400CC5AAC /* Frameworks */,
				85D8BF9C1AC1133400CC5AAC /* Resources */,
			);
			buildRules = (
			);
			dependencies = (
			);
			name = Day9_3TCPSocketServer;
			productName = Day9_3TCPSocketServer;
			productReference = 85D8BF9E1AC1133400CC5AAC /* Day9_3TCPSocketServer.app */;
			productType = "com.apple.product-type.application";
		};
		85D8BFBE1AC1133500CC5AAC /* Day9_3TCPSocketServerTests */ = {
			isa = PBXNativeTarget;
			buildConfigurationList = 85D8BFD31AC1133500CC5AAC /* Build configuration list for PBXNativeTarget "Day9_3TCPSocketServerTests" */;
			buildPhases = (
				85D8BFBB1AC1133500CC5AAC /* Sources */,
				85D8BFBC1AC1133500CC5AAC /* Frameworks */,
				85D8BFBD1AC1133500CC5AAC /* Resources */,
			);
			buildRules = (
			);
			dependencies = (
				85D8BFC51AC1133500CC5AAC /* PBXTargetDependency */,
			);
			name = Day9_3TCPSocketServerTests;
			productName = Day9_3TCPSocketServerTests;
			productReference = 85D8BFBF1AC1133500CC5AAC /* Day9_3TCPSocketServerTests.xctest */;
			productType = "com.apple.product-type.bundle.unit-test";
		};
/* End PBXNativeTarget section */

/* Begin PBXProject section */
		85D8BF961AC1133400CC5AAC /* Project object */ = {
			isa = PBXProject;
			attributes = {
				LastUpgradeCheck = 0510;
				ORGANIZATIONNAME = tarena;
				TargetAttributes = {
					85D8BFBE1AC1133500CC5AAC = {
						TestTargetID = 85D8BF9D1AC1133400CC5AAC;
					};
				};
			};
			buildConfigurationList = 85D8BF991AC1133400CC5AAC /* Build configuration list for PBXProject "Day9_3TCPSocketServer" */;
			compatibilityVersion = "Xcode 3.2";
			developmentRegion = English;
			hasScannedForEncodings = 0;
			knownRegions = (
				en,
				Base,
			);
			mainGroup = 85D8BF951AC1133400CC5AAC;
			productRefGroup = 85D8BF9F1AC1133400CC5AAC /* Products */;
			projectDirPath = "";
			projectRoot = "";
			targets = (
				85D8BF9D1AC1133400CC5AAC /* Day9_3TCPSocketServer */,
				85D8BFBE1AC1133500CC5AAC /* Day9_3TCPSocketServerTests */,
			);
		};
/* End PBXProject section */

/* Begin PBXResourcesBuildPhase section */
		85D8BF9C1AC1133400CC5AAC /* Resources */ = {
			isa = PBXResourcesBuildPhase;
			buildActionMask = 2147483647;
			files = (
				85D8BFBA1AC1133400CC5AAC /* Images.xcassets in Resources */,
				85D8BFAC1AC1133400CC5AAC /* InfoPlist.strings in Resources */,
				85D8BFB51AC1133400CC5AAC /* Main.storyboard in Resources */,
			);
			runOnlyForDeploymentPostprocessing = 0;
		};
		85D8BFBD1AC1133500CC5AAC /* Resources */ = {
			isa = PBXResourcesBuildPhase;
			buildActionMask = 2147483647;
			files = (
				85D8BFCB1AC1133500CC5AAC /* InfoPlist.strings in Resources */,
			);
			runOnlyForDeploymentPostprocessing = 0;
		};
/* End PBXResourcesBuildPhase section */

/* Begin PBXSourcesBuildPhase section */
		85D8BF9A1AC1133400CC5AAC /* Sources */ = {
			isa = PBXSourcesBuildPhase;
			buildActionMask = 2147483647;
			files = (
				85D8BFB81AC1133400CC5AAC /* ViewController.m in Sources */,
				85D8BFDC1AC1133F00CC5AAC /* AsyncUdpSocket.m in Sources */,
				85D8BFB21AC1133400CC5AAC /* AppDelegate.m in Sources */,
				85D8BFAE1AC1133400CC5AAC /* main.m in Sources */,
				85D8BFDB1AC1133F00CC5AAC /* AsyncSocket.m in Sources */,
			);
			runOnlyForDeploymentPostprocessing = 0;
		};
		85D8BFBB1AC1133500CC5AAC /* Sources */ = {
			isa = PBXSourcesBuildPhase;
			buildActionMask = 2147483647;
			files = (
				85D8BFCD1AC1133500CC5AAC /* Day9_3TCPSocketServerTests.m in Sources */,
			);
			runOnlyForDeploymentPostprocessing = 0;
		};
/* End PBXSourcesBuildPhase section */

/* Begin PBXTargetDependency section */
		85D8BFC51AC1133500CC5AAC /* PBXTargetDependency */ = {
			isa = PBXTargetDependency;
			target = 85D8BF9D1AC1133400CC5AAC /* Day9_3TCPSocketServer */;
			targetProxy = 85D8BFC41AC1133500CC5AAC /* PBXContainerItemProxy */;
		};
/* End PBXTargetDependency section */

/* Begin PBXVariantGroup section */
		85D8BFAA1AC1133400CC5AAC /* InfoPlist.strings */ = {
			isa = PBXVariantGroup;
			children = (
				85D8BFAB1AC1133400CC5AAC /* en */,
			);
			name = InfoPlist.strings;
			sourceTree = "<group>";
		};
		85D8BFB31AC1133400CC5AAC /* Main.storyboard */ = {
			isa = PBXVariantGroup;
			children = (
				85D8BFB41AC1133400CC5AAC /* Base */,
			);
			name = Main.storyboard;
			sourceTree = "<group>";
		};
		85D8BFC91AC1133500CC5AAC /* InfoPlist.strings */ = {
			isa = PBXVariantGroup;
			children = (
				85D8BFCA1AC1133500CC5AAC /* en */,
			);
			name = InfoPlist.strings;
			sourceTree = "<group>";
		};
/* End PBXVariantGroup section */

/* Begin XCBuildConfiguration section */
		85D8BFCE1AC1133500CC5AAC /* Debug */ = {
			isa = XCBuildConfiguration;
			buildSettings = {
				ALWAYS_SEARCH_USER_PATHS = NO;
				CLANG_CXX_LANGUAGE_STANDARD = "gnu++0x";
				CLANG_CXX_LIBRARY = "libc++";
				CLANG_ENABLE_MODULES = YES;
				CLANG_ENABLE_OBJC_ARC = YES;
				CLANG_WARN_BOOL_CONVERSION = YES;
				CLANG_WARN_CONSTANT_CONVERSION = YES;
				CLANG_WARN_DIRECT_OBJC_ISA_USAGE = YES_ERROR;
				CLANG_WARN_EMPTY_BODY = YES;
				CLANG_WARN_ENUM_CONVERSION = YES;
				CLANG_WARN_INT_CONVERSION = YES;
				CLANG_WARN_OBJC_ROOT_CLASS = YES_ERROR;
				CLANG_WARN__DUPLICATE_METHOD_MATCH = YES;
				"CODE_SIGN_IDENTITY[sdk=iphoneos*]" = "iPhone Developer";
				COPY_PHASE_STRIP = NO;
				GCC_C_LANGUAGE_STANDARD = gnu99;
				GCC_DYNAMIC_NO_PIC = NO;
				GCC_OPTIMIZATION_LEVEL = 0;
				GCC_PREPROCESSOR_DEFINITIONS = (
					"DEBUG=1",
					"$(inherited)",
				);
				GCC_SYMBOLS_PRIVATE_EXTERN = NO;
				GCC_WARN_64_TO_32_BIT_CONVERSION = YES;
				GCC_WARN_ABOUT_RETURN_TYPE = YES_ERROR;
				GCC_WARN_UNDECLARED_SELECTOR = YES;
				GCC_WARN_UNINITIALIZED_AUTOS = YES_AGGRESSIVE;
				GCC_WARN_UNUSED_FUNCTION = YES;
				GCC_WARN_UNUSED_VARIABLE = YES;
				IPHONEOS_DEPLOYMENT_TARGET = 7.1;
				ONLY_ACTIVE_ARCH = YES;
				SDKROOT = iphoneos;
			};
			name = Debug;
		};
		85D8BFCF1AC1133500CC5AAC /* Release */ = {
			isa = XCBuildConfiguration;
			buildSettings = {
				ALWAYS_SEARCH_USER_PATHS = NO;
				CLANG_CXX_LANGUAGE_STANDARD = "gnu++0x";
				CLANG_CXX_LIBRARY = "libc++";
				CLANG_ENABLE_MODULES = YES;
				CLANG_ENABLE_OBJC_ARC = YES;
				CLANG_WARN_BOOL_CONVERSION = YES;
				CLANG_WARN_CONSTANT_CONVERSION = YES;
				CLANG_WARN_DIRECT_OBJC_ISA_USAGE = YES_ERROR;
				CLANG_WARN_EMPTY_BODY = YES;
				CLANG_WARN_ENUM_CONVERSION = YES;
				CLANG_WARN_INT_CONVERSION = YES;
				CLANG_WARN_OBJC_ROOT_CLASS = YES_ERROR;
				CLANG_WARN__DUPLICATE_METHOD_MATCH = YES;
				"CODE_SIGN_IDENTITY[sdk=iphoneos*]" = "iPhone Developer";
				COPY_PHASE_STRIP = YES;
				ENABLE_NS_ASSERTIONS = NO;
				GCC_C_LANGUAGE_STANDARD = gnu99;
				GCC_WARN_64_TO_32_BIT_CONVERSION = YES;
				GCC_WARN_ABOUT_RETURN_TYPE = YES_ERROR;
				GCC_WARN_UNDECLARED_SELECTOR = YES;
				GCC_WARN_UNINITIALIZED_AUTOS = YES_AGGRESSIVE;
				GCC_WARN_UNUSED_FUNCTION = YES;
				GCC_WARN_UNUSED_VARIABLE = YES;
				IPHONEOS_DEPLOYMENT_TARGET = 7.1;
				SDKROOT = iphoneos;
				VALIDATE_PRODUCT = YES;
			};
			name = Release;
		};
		85D8BFD11AC1133500CC5AAC /* Debug */ = {
			isa = XCBuildConfiguration;
			buildSettings = {
				ASSETCATALOG_COMPILER_APPICON_NAME = AppIcon;
				ASSETCATALOG_COMPILER_LAUNCHIMAGE_NAME = LaunchImage;
				GCC_PRECOMPILE_PREFIX_HEADER = YES;
				GCC_PREFIX_HEADER = "Day9_3TCPSocketServer/Day9_3TCPSocketServer-Prefix.pch";
				INFOPLIST_FILE = "Day9_3TCPSocketServer/Day9_3TCPSocketServer-Info.plist";
				PRODUCT_NAME = "$(TARGET_NAME)";
				WRAPPER_EXTENSION = app;
			};
			name = Debug;
		};
		85D8BFD21AC1133500CC5AAC /* Release */ = {
			isa = XCBuildConfiguration;
			buildSettings = {
				ASSETCATALOG_COMPILER_APPICON_NAME = AppIcon;
				ASSETCATALOG_COMPILER_LAUNCHIMAGE_NAME = LaunchImage;
				GCC_PRECOMPILE_PREFIX_HEADER = YES;
				GCC_PREFIX_HEADER = "Day9_3TCPSocketServer/Day9_3TCPSocketServer-Prefix.pch";
				INFOPLIST_FILE = "Day9_3TCPSocketServer/Day9_3TCPSocketServer-Info.plist";
				PRODUCT_NAME = "$(TARGET_NAME)";
				WRAPPER_EXTENSION = app;
			};
			name = Release;
		};
		85D8BFD41AC1133500CC5AAC /* Debug */ = {
			isa = XCBuildConfiguration;
			buildSettings = {
				BUNDLE_LOADER = "$(BUILT_PRODUCTS_DIR)/Day9_3TCPSocketServer.app/Day9_3TCPSocketServer";
				FRAMEWORK_SEARCH_PATHS = (
					"$(SDKROOT)/Developer/Library/Frameworks",
					"$(inherited)",
					"$(DEVELOPER_FRAMEWORKS_DIR)",
				);
				GCC_PRECOMPILE_PREFIX_HEADER = YES;
				GCC_PREFIX_HEADER = "Day9_3TCPSocketServer/Day9_3TCPSocketServer-Prefix.pch";
				GCC_PREPROCESSOR_DEFINITIONS = (
					"DEBUG=1",
					"$(inherited)",
				);
				INFOPLIST_FILE = "Day9_3TCPSocketServerTests/Day9_3TCPSocketServerTests-Info.plist";
				PRODUCT_NAME = "$(TARGET_NAME)";
				TEST_HOST = "$(BUNDLE_LOADER)";
				WRAPPER_EXTENSION = xctest;
			};
			name = Debug;
		};
		85D8BFD51AC1133500CC5AAC /* Release */ = {
			isa = XCBuildConfiguration;
			buildSettings = {
				BUNDLE_LOADER = "$(BUILT_PRODUCTS_DIR)/Day9_3TCPSocketServer.app/Day9_3TCPSocketServer";
				FRAMEWORK_SEARCH_PATHS = (
					"$(SDKROOT)/Developer/Library/Frameworks",
					"$(inherited)",
					"$(DEVELOPER_FRAMEWORKS_DIR)",
				);
				GCC_PRECOMPILE_PREFIX_HEADER = YES;
				GCC_PREFIX_HEADER = "Day9_3TCPSocketServer/Day9_3TCPSocketServer-Prefix.pch";
				INFOPLIST_FILE = "Day9_3TCPSocketServerTests/Day9_3TCPSocketServerTests-Info.plist";
				PRODUCT_NAME = "$(TARGET_NAME)";
				TEST_HOST = "$(BUNDLE_LOADER)";
				WRAPPER_EXTENSION = xctest;
			};
			name = Release;
		};
/* End XCBuildConfiguration section */

/* Begin XCConfigurationList section */
		85D8BF991AC1133400CC5AAC /* Build configuration list for PBXProject "Day9_3TCPSocketServer" */ = {
			isa = XCConfigurationList;
			buildConfigurations = (
				85D8BFCE1AC1133500CC5AAC /* Debug */,
				85D8BFCF1AC1133500CC5AAC /* Release */,
			);
			defaultConfigurationIsVisible = 0;
			defaultConfigurationName = Release;
		};
		85D8BFD01AC1133500CC5AAC /* Build configuration list for PBXNativeTarget "Day9_3TCPSocketServer" */ = {
			isa = XCConfigurationList;
			buildConfigurations = (
				85D8BFD11AC1133500CC5AAC /* Debug */,
				85D8BFD21AC1133500CC5AAC /* Release */,
			);
			defaultConfigurationIsVisible = 0;
		};
		85D8BFD31AC1133500CC5AAC /* Build configuration list for PBXNativeTarget "Day9_3TCPSocketServerTests" */ = {
			isa = XCConfigurationList;
			buildConfigurations = (
				85D8BFD41AC1133500CC5AAC /* Debug */,
				85D8BFD51AC1133500CC5AAC /* Release */,
			);
			defaultConfigurationIsVisible = 0;
		};
/* End XCConfigurationList section */
	};
	rootObject = 85D8BF961AC1133400CC5AAC /* Project object */;
}
